
Microsoft Visual Studio Solution File, Format Version 12.00
# Visual Studio Version 16
VisualStudioVersion = 16.0.30420.98
MinimumVisualStudioVersion = 10.0.40219.1
Project("{D954291E-2A0B-460D-934E-DC6B0785DB48}") = "MvvmNavigation.Shared", "MvvmNavigation\MvvmNavigation.Shared\MvvmNavigation.Shared.shproj", "{6279C845-92F8-4333-AB99-3D213163593C}"
EndProject
Project("{FAE04EC0-301F-11D3-BF4B-00C04F79EFBC}") = "MvvmNavigation.Droid", "MvvmNavigation\MvvmNavigation.Droid\MvvmNavigation.Droid.csproj", "{821D82FD-38FC-4271-A74B-CFE83A98BEBC}"
EndProject
Project("{FAE04EC0-301F-11D3-BF4B-00C04F79EFBC}") = "MvvmNavigation.iOS", "MvvmNavigation\MvvmNavigation.iOS\MvvmNavigation.iOS.csproj", "{B35BF017-C24D-4B7F-B628-7C6E2BECE410}"
EndProject
Project("{FAE04EC0-301F-11D3-BF4B-00C04F79EFBC}") = "MvvmNavigation.UWP", "MvvmNavigation\MvvmNavigation.UWP\MvvmNavigation.UWP.csproj", "{7DABB253-5A0C-42D3-B30D-41D8927D6CEF}"
EndProject
Project("{9A19103F-16F7-4668-BE54-9A1E7A4F7556}") = "MvvmNavigation.Wasm", "MvvmNavigation\MvvmNavigation.Wasm\MvvmNavigation.Wasm.csproj", "{EE8EE4A6-A209-4632-9065-9DB626C8069D}"
EndProject
Project("{FAE04EC0-301F-11D3-BF4B-00C04F79EFBC}") = "MvvmNavigation.macOS", "MvvmNavigation\MvvmNavigation.macOS\MvvmNavigation.macOS.csproj", "{BFD0DB09-E7A3-455D-A501-AD16A8CDCC13}"
EndProject
Project("{9A19103F-16F7-4668-BE54-9A1E7A4F7556}") = "MvvmNavigation.Core", "MvvmNavigation.Core\MvvmNavigation.Core.csproj", "{42211DBC-427B-459C-9C79-6680CD96DB1E}"
EndProject
Project("{FAE04EC0-301F-11D3-BF4B-00C04F79EFBC}") = "BuildIt.Navigation", "BuildIt.Navigation\BuildIt.Navigation.csproj", "{BC470167-1161-47D1-9B49-2BE05D49A3A3}"
EndProject
Project("{FAE04EC0-301F-11D3-BF4B-00C04F79EFBC}") = "MvvmNavigation.ViewModels", "..\MvvmNavigation.ViewModels\MvvmNavigation.ViewModels.csproj", "{6085FBD0-2475-4B14-B7D3-4B348F9491BB}"
EndProject
Global
	GlobalSection(SharedMSBuildProjectFiles) = preSolution
		MvvmNavigation\MvvmNavigation.Shared\MvvmNavigation.Shared.projitems*{6279c845-92f8-4333-ab99-3d213163593c}*SharedItemsImports = 13
		MvvmNavigation\MvvmNavigation.Shared\MvvmNavigation.Shared.projitems*{7dabb253-5a0c-42d3-b30d-41d8927d6cef}*SharedItemsImports = 4
	EndGlobalSection
	GlobalSection(SolutionConfigurationPlatforms) = preSolution
		Ad-Hoc|Any CPU = Ad-Hoc|Any CPU
		Ad-Hoc|ARM = Ad-Hoc|ARM
		Ad-Hoc|ARM64 = Ad-Hoc|ARM64
		Ad-Hoc|iPhone = Ad-Hoc|iPhone
		Ad-Hoc|iPhoneSimulator = Ad-Hoc|iPhoneSimulator
		Ad-Hoc|x64 = Ad-Hoc|x64
		Ad-Hoc|x86 = Ad-Hoc|x86
		AppStore|Any CPU = AppStore|Any CPU
		AppStore|ARM = AppStore|ARM
		AppStore|ARM64 = AppStore|ARM64
		AppStore|iPhone = AppStore|iPhone
		AppStore|iPhoneSimulator = AppStore|iPhoneSimulator
		AppStore|x64 = AppStore|x64
		AppStore|x86 = AppStore|x86
		Debug|Any CPU = Debug|Any CPU
		Debug|ARM = Debug|ARM
		Debug|ARM64 = Debug|ARM64
		Debug|iPhone = Debug|iPhone
		Debug|iPhoneSimulator = Debug|iPhoneSimulator
		Debug|x64 = Debug|x64
		Debug|x86 = Debug|x86
		Release|Any CPU = Release|Any CPU
		Release|ARM = Release|ARM
		Release|ARM64 = Release|ARM64
		Release|iPhone = Release|iPhone
		Release|iPhoneSimulator = Release|iPhoneSimulator
		Release|x64 = Release|x64
		Release|x86 = Release|x86
	EndGlobalSection
	GlobalSection(ProjectConfigurationPlatforms) = postSolution
		{821D82FD-38FC-4271-A74B-CFE83A98BEBC}.Ad-Hoc|Any CPU.ActiveCfg = Release|Any CPU
		{821D82FD-38FC-4271-A74B-CFE83A98BEBC}.Ad-Hoc|Any CPU.Build.0 = Release|Any CPU
		{821D82FD-38FC-4271-A74B-CFE83A98BEBC}.Ad-Hoc|Any CPU.Deploy.0 = Release|Any CPU
		{821D82FD-38FC-4271-A74B-CFE83A98BEBC}.Ad-Hoc|ARM.ActiveCfg = Release|Any CPU
		{821D82FD-38FC-4271-A74B-CFE83A98BEBC}.Ad-Hoc|ARM.Build.0 = Release|Any CPU
		{821D82FD-38FC-4271-A74B-CFE83A98BEBC}.Ad-Hoc|ARM.Deploy.0 = Release|Any CPU
		{821D82FD-38FC-4271-A74B-CFE83A98BEBC}.Ad-Hoc|ARM64.ActiveCfg = Release|Any CPU
		{821D82FD-38FC-4271-A74B-CFE83A98BEBC}.Ad-Hoc|ARM64.Build.0 = Release|Any CPU
		{821D82FD-38FC-4271-A74B-CFE83A98BEBC}.Ad-Hoc|ARM64.Deploy.0 = Release|Any CPU
		{821D82FD-38FC-4271-A74B-CFE83A98BEBC}.Ad-Hoc|iPhone.ActiveCfg = Release|Any CPU
		{821D82FD-38FC-4271-A74B-CFE83A98BEBC}.Ad-Hoc|iPhone.Build.0 = Release|Any CPU
		{821D82FD-38FC-4271-A74B-CFE83A98BEBC}.Ad-Hoc|iPhone.Deploy.0 = Release|Any CPU
		{821D82FD-38FC-4271-A74B-CFE83A98BEBC}.Ad-Hoc|iPhoneSimulator.ActiveCfg = Release|Any CPU
		{821D82FD-38FC-4271-A74B-CFE83A98BEBC}.Ad-Hoc|iPhoneSimulator.Build.0 = Release|Any CPU
		{821D82FD-38FC-4271-A74B-CFE83A98BEBC}.Ad-Hoc|iPhoneSimulator.Deploy.0 = Release|Any CPU
		{821D82FD-38FC-4271-A74B-CFE83A98BEBC}.Ad-Hoc|x64.ActiveCfg = Release|Any CPU
		{821D82FD-38FC-4271-A74B-CFE83A98BEBC}.Ad-Hoc|x64.Build.0 = Release|Any CPU
		{821D82FD-38FC-4271-A74B-CFE83A98BEBC}.Ad-Hoc|x64.Deploy.0 = Release|Any CPU
		{821D82FD-38FC-4271-A74B-CFE83A98BEBC}.Ad-Hoc|x86.ActiveCfg = Release|Any CPU
		{821D82FD-38FC-4271-A74B-CFE83A98BEBC}.Ad-Hoc|x86.Build.0 = Release|Any CPU
		{821D82FD-38FC-4271-A74B-CFE83A98BEBC}.Ad-Hoc|x86.Deploy.0 = Release|Any CPU
		{821D82FD-38FC-4271-A74B-CFE83A98BEBC}.AppStore|Any CPU.ActiveCfg = Release|Any CPU
		{821D82FD-38FC-4271-A74B-CFE83A98BEBC}.AppStore|Any CPU.Build.0 = Release|Any CPU
		{821D82FD-38FC-4271-A74B-CFE83A98BEBC}.AppStore|Any CPU.Deploy.0 = Release|Any CPU
		{821D82FD-38FC-4271-A74B-CFE83A98BEBC}.AppStore|ARM.ActiveCfg = Release|Any CPU
		{821D82FD-38FC-4271-A74B-CFE83A98BEBC}.AppStore|ARM.Build.0 = Release|Any CPU
		{821D82FD-38FC-4271-A74B-CFE83A98BEBC}.AppStore|ARM.Deploy.0 = Release|Any CPU
		{821D82FD-38FC-4271-A74B-CFE83A98BEBC}.AppStore|ARM64.ActiveCfg = Release|Any CPU
		{821D82FD-38FC-4271-A74B-CFE83A98BEBC}.AppStore|ARM64.Build.0 = Release|Any CPU
		{821D82FD-38FC-4271-A74B-CFE83A98BEBC}.AppStore|ARM64.Deploy.0 = Release|Any CPU
		{821D82FD-38FC-4271-A74B-CFE83A98BEBC}.AppStore|iPhone.ActiveCfg = Release|Any CPU
		{821D82FD-38FC-4271-A74B-CFE83A98BEBC}.AppStore|iPhone.Build.0 = Release|Any CPU
		{821D82FD-38FC-4271-A74B-CFE83A98BEBC}.AppStore|iPhone.Deploy.0 = Release|Any CPU
		{821D82FD-38FC-4271-A74B-CFE83A98BEBC}.AppStore|iPhoneSimulator.ActiveCfg = Release|Any CPU
		{821D82FD-38FC-4271-A74B-CFE83A98BEBC}.AppStore|iPhoneSimulator.Build.0 = Release|Any CPU
		{821D82FD-38FC-4271-A74B-CFE83A98BEBC}.AppStore|iPhoneSimulator.Deploy.0 = Release|Any CPU
		{821D82FD-38FC-4271-A74B-CFE83A98BEBC}.AppStore|x64.ActiveCfg = Release|Any CPU
		{821D82FD-38FC-4271-A74B-CFE83A98BEBC}.AppStore|x64.Build.0 = Release|Any CPU
		{821D82FD-38FC-4271-A74B-CFE83A98BEBC}.AppStore|x64.Deploy.0 = Release|Any CPU
		{821D82FD-38FC-4271-A74B-CFE83A98BEBC}.AppStore|x86.ActiveCfg = Release|Any CPU
		{821D82FD-38FC-4271-A74B-CFE83A98BEBC}.AppStore|x86.Build.0 = Release|Any CPU
		{821D82FD-38FC-4271-A74B-CFE83A98BEBC}.AppStore|x86.Deploy.0 = Release|Any CPU
		{821D82FD-38FC-4271-A74B-CFE83A98BEBC}.Debug|Any CPU.ActiveCfg = Debug|Any CPU
		{821D82FD-38FC-4271-A74B-CFE83A98BEBC}.Debug|Any CPU.Build.0 = Debug|Any CPU
		{821D82FD-38FC-4271-A74B-CFE83A98BEBC}.Debug|Any CPU.Deploy.0 = Debug|Any CPU
		{821D82FD-38FC-4271-A74B-CFE83A98BEBC}.Debug|ARM.ActiveCfg = Debug|Any CPU
		{821D82FD-38FC-4271-A74B-CFE83A98BEBC}.Debug|ARM.Build.0 = Debug|Any CPU
		{821D82FD-38FC-4271-A74B-CFE83A98BEBC}.Debug|ARM.Deploy.0 = Debug|Any CPU
		{821D82FD-38FC-4271-A74B-CFE83A98BEBC}.Debug|ARM64.ActiveCfg = Debug|Any CPU
		{821D82FD-38FC-4271-A74B-CFE83A98BEBC}.Debug|ARM64.Build.0 = Debug|Any CPU
		{821D82FD-38FC-4271-A74B-CFE83A98BEBC}.Debug|ARM64.Deploy.0 = Debug|Any CPU
		{821D82FD-38FC-4271-A74B-CFE83A98BEBC}.Debug|iPhone.ActiveCfg = Debug|Any CPU
		{821D82FD-38FC-4271-A74B-CFE83A98BEBC}.Debug|iPhone.Build.0 = Debug|Any CPU
		{821D82FD-38FC-4271-A74B-CFE83A98BEBC}.Debug|iPhone.Deploy.0 = Debug|Any CPU
		{821D82FD-38FC-4271-A74B-CFE83A98BEBC}.Debug|iPhoneSimulator.ActiveCfg = Debug|Any CPU
		{821D82FD-38FC-4271-A74B-CFE83A98BEBC}.Debug|iPhoneSimulator.Build.0 = Debug|Any CPU
		{821D82FD-38FC-4271-A74B-CFE83A98BEBC}.Debug|iPhoneSimulator.Deploy.0 = Debug|Any CPU
		{821D82FD-38FC-4271-A74B-CFE83A98BEBC}.Debug|x64.ActiveCfg = Debug|Any CPU
		{821D82FD-38FC-4271-A74B-CFE83A98BEBC}.Debug|x64.Build.0 = Debug|Any CPU
		{821D82FD-38FC-4271-A74B-CFE83A98BEBC}.Debug|x64.Deploy.0 = Debug|Any CPU
		{821D82FD-38FC-4271-A74B-CFE83A98BEBC}.Debug|x86.ActiveCfg = Debug|Any CPU
		{821D82FD-38FC-4271-A74B-CFE83A98BEBC}.Debug|x86.Build.0 = Debug|Any CPU
		{821D82FD-38FC-4271-A74B-CFE83A98BEBC}.Debug|x86.Deploy.0 = Debug|Any CPU
		{821D82FD-38FC-4271-A74B-CFE83A98BEBC}.Release|Any CPU.ActiveCfg = Release|Any CPU
		{821D82FD-38FC-4271-A74B-CFE83A98BEBC}.Release|Any CPU.Build.0 = Release|Any CPU
		{821D82FD-38FC-4271-A74B-CFE83A98BEBC}.Release|Any CPU.Deploy.0 = Release|Any CPU
		{821D82FD-38FC-4271-A74B-CFE83A98BEBC}.Release|ARM.ActiveCfg = Release|Any CPU
		{821D82FD-38FC-4271-A74B-CFE83A98BEBC}.Release|ARM.Build.0 = Release|Any CPU
		{821D82FD-38FC-4271-A74B-CFE83A98BEBC}.Release|ARM.Deploy.0 = Release|Any CPU
		{821D82FD-38FC-4271-A74B-CFE83A98BEBC}.Release|ARM64.ActiveCfg = Release|Any CPU
		{821D82FD-38FC-4271-A74B-CFE83A98BEBC}.Release|ARM64.Build.0 = Release|Any CPU
		{821D82FD-38FC-4271-A74B-CFE83A98BEBC}.Release|ARM64.Deploy.0 = Release|Any CPU
		{821D82FD-38FC-4271-A74B-CFE83A98BEBC}.Release|iPhone.ActiveCfg = Release|Any CPU
		{821D82FD-38FC-4271-A74B-CFE83A98BEBC}.Release|iPhone.Build.0 = Release|Any CPU
		{821D82FD-38FC-4271-A74B-CFE83A98BEBC}.Release|iPhone.Deploy.0 = Release|Any CPU
		{821D82FD-38FC-4271-A74B-CFE83A98BEBC}.Release|iPhoneSimulator.ActiveCfg = Release|Any CPU
		{821D82FD-38FC-4271-A74B-CFE83A98BEBC}.Release|iPhoneSimulator.Build.0 = Release|Any CPU
		{821D82FD-38FC-4271-A74B-CFE83A98BEBC}.Release|iPhoneSimulator.Deploy.0 = Release|Any CPU
		{821D82FD-38FC-4271-A74B-CFE83A98BEBC}.Release|x64.ActiveCfg = Release|Any CPU
		{821D82FD-38FC-4271-A74B-CFE83A98BEBC}.Release|x64.Build.0 = Release|Any CPU
		{821D82FD-38FC-4271-A74B-CFE83A98BEBC}.Release|x64.Deploy.0 = Release|Any CPU
		{821D82FD-38FC-4271-A74B-CFE83A98BEBC}.Release|x86.ActiveCfg = Release|Any CPU
		{821D82FD-38FC-4271-A74B-CFE83A98BEBC}.Release|x86.Build.0 = Release|Any CPU
		{821D82FD-38FC-4271-A74B-CFE83A98BEBC}.Release|x86.Deploy.0 = Release|Any CPU
		{B35BF017-C24D-4B7F-B628-7C6E2BECE410}.Ad-Hoc|Any CPU.ActiveCfg = Ad-Hoc|iPhone
		{B35BF017-C24D-4B7F-B628-7C6E2BECE410}.Ad-Hoc|ARM.ActiveCfg = Ad-Hoc|iPhone
		{B35BF017-C24D-4B7F-B628-7C6E2BECE410}.Ad-Hoc|ARM64.ActiveCfg = Ad-Hoc|iPhone
		{B35BF017-C24D-4B7F-B628-7C6E2BECE410}.Ad-Hoc|iPhone.ActiveCfg = Ad-Hoc|iPhone
		{B35BF017-C24D-4B7F-B628-7C6E2BECE410}.Ad-Hoc|iPhone.Build.0 = Ad-Hoc|iPhone
		{B35BF017-C24D-4B7F-B628-7C6E2BECE410}.Ad-Hoc|iPhoneSimulator.ActiveCfg = Ad-Hoc|iPhoneSimulator
		{B35BF017-C24D-4B7F-B628-7C6E2BECE410}.Ad-Hoc|iPhoneSimulator.Build.0 = Ad-Hoc|iPhoneSimulator
		{B35BF017-C24D-4B7F-B628-7C6E2BECE410}.Ad-Hoc|x64.ActiveCfg = Ad-Hoc|iPhone
		{B35BF017-C24D-4B7F-B628-7C6E2BECE410}.Ad-Hoc|x86.ActiveCfg = Ad-Hoc|iPhone
		{B35BF017-C24D-4B7F-B628-7C6E2BECE410}.AppStore|Any CPU.ActiveCfg = AppStore|iPhone
		{B35BF017-C24D-4B7F-B628-7C6E2BECE410}.AppStore|ARM.ActiveCfg = AppStore|iPhone
		{B35BF017-C24D-4B7F-B628-7C6E2BECE410}.AppStore|ARM64.ActiveCfg = AppStore|iPhone
		{B35BF017-C24D-4B7F-B628-7C6E2BECE410}.AppStore|iPhone.ActiveCfg = AppStore|iPhone
		{B35BF017-C24D-4B7F-B628-7C6E2BECE410}.AppStore|iPhone.Build.0 = AppStore|iPhone
		{B35BF017-C24D-4B7F-B628-7C6E2BECE410}.AppStore|iPhoneSimulator.ActiveCfg = AppStore|iPhoneSimulator
		{B35BF017-C24D-4B7F-B628-7C6E2BECE410}.AppStore|iPhoneSimulator.Build.0 = AppStore|iPhoneSimulator
		{B35BF017-C24D-4B7F-B628-7C6E2BECE410}.AppStore|x64.ActiveCfg = AppStore|iPhone
		{B35BF017-C24D-4B7F-B628-7C6E2BECE410}.AppStore|x86.ActiveCfg = AppStore|iPhone
		{B35BF017-C24D-4B7F-B628-7C6E2BECE410}.Debug|Any CPU.ActiveCfg = Debug|iPhone
		{B35BF017-C24D-4B7F-B628-7C6E2BECE410}.Debug|ARM.ActiveCfg = Debug|iPhone
		{B35BF017-C24D-4B7F-B628-7C6E2BECE410}.Debug|ARM64.ActiveCfg = Debug|iPhone
		{B35BF017-C24D-4B7F-B628-7C6E2BECE410}.Debug|iPhone.ActiveCfg = Debug|iPhone
		{B35BF017-C24D-4B7F-B628-7C6E2BECE410}.Debug|iPhone.Build.0 = Debug|iPhone
		{B35BF017-C24D-4B7F-B628-7C6E2BECE410}.Debug|iPhoneSimulator.ActiveCfg = Debug|iPhoneSimulator
		{B35BF017-C24D-4B7F-B628-7C6E2BECE410}.Debug|iPhoneSimulator.Build.0 = Debug|iPhoneSimulator
		{B35BF017-C24D-4B7F-B628-7C6E2BECE410}.Debug|x64.ActiveCfg = Debug|iPhone
		{B35BF017-C24D-4B7F-B628-7C6E2BECE410}.Debug|x86.ActiveCfg = Debug|iPhone
		{B35BF017-C24D-4B7F-B628-7C6E2BECE410}.Release|Any CPU.ActiveCfg = Release|iPhone
		{B35BF017-C24D-4B7F-B628-7C6E2BECE410}.Release|ARM.ActiveCfg = Release|iPhone
		{B35BF017-C24D-4B7F-B628-7C6E2BECE410}.Release|ARM64.ActiveCfg = Release|iPhone
		{B35BF017-C24D-4B7F-B628-7C6E2BECE410}.Release|iPhone.ActiveCfg = Release|iPhone
		{B35BF017-C24D-4B7F-B628-7C6E2BECE410}.Release|iPhone.Build.0 = Release|iPhone
		{B35BF017-C24D-4B7F-B628-7C6E2BECE410}.Release|iPhoneSimulator.ActiveCfg = Release|iPhoneSimulator
		{B35BF017-C24D-4B7F-B628-7C6E2BECE410}.Release|iPhoneSimulator.Build.0 = Release|iPhoneSimulator
		{B35BF017-C24D-4B7F-B628-7C6E2BECE410}.Release|x64.ActiveCfg = Release|iPhone
		{B35BF017-C24D-4B7F-B628-7C6E2BECE410}.Release|x86.ActiveCfg = Release|iPhone
		{7DABB253-5A0C-42D3-B30D-41D8927D6CEF}.Ad-Hoc|Any CPU.ActiveCfg = Release|x64
		{7DABB253-5A0C-42D3-B30D-41D8927D6CEF}.Ad-Hoc|Any CPU.Build.0 = Release|x64
		{7DABB253-5A0C-42D3-B30D-41D8927D6CEF}.Ad-Hoc|Any CPU.Deploy.0 = Release|x64
		{7DABB253-5A0C-42D3-B30D-41D8927D6CEF}.Ad-Hoc|ARM.ActiveCfg = Release|ARM
		{7DABB253-5A0C-42D3-B30D-41D8927D6CEF}.Ad-Hoc|ARM.Build.0 = Release|ARM
		{7DABB253-5A0C-42D3-B30D-41D8927D6CEF}.Ad-Hoc|ARM.Deploy.0 = Release|ARM
		{7DABB253-5A0C-42D3-B30D-41D8927D6CEF}.Ad-Hoc|ARM64.ActiveCfg = Release|ARM64
		{7DABB253-5A0C-42D3-B30D-41D8927D6CEF}.Ad-Hoc|ARM64.Build.0 = Release|ARM64
		{7DABB253-5A0C-42D3-B30D-41D8927D6CEF}.Ad-Hoc|ARM64.Deploy.0 = Release|ARM64
		{7DABB253-5A0C-42D3-B30D-41D8927D6CEF}.Ad-Hoc|iPhone.ActiveCfg = Release|x64
		{7DABB253-5A0C-42D3-B30D-41D8927D6CEF}.Ad-Hoc|iPhone.Build.0 = Release|x64
		{7DABB253-5A0C-42D3-B30D-41D8927D6CEF}.Ad-Hoc|iPhone.Deploy.0 = Release|x64
		{7DABB253-5A0C-42D3-B30D-41D8927D6CEF}.Ad-Hoc|iPhoneSimulator.ActiveCfg = Release|x64
		{7DABB253-5A0C-42D3-B30D-41D8927D6CEF}.Ad-Hoc|iPhoneSimulator.Build.0 = Release|x64
		{7DABB253-5A0C-42D3-B30D-41D8927D6CEF}.Ad-Hoc|iPhoneSimulator.Deploy.0 = Release|x64
		{7DABB253-5A0C-42D3-B30D-41D8927D6CEF}.Ad-Hoc|x64.ActiveCfg = Release|x64
		{7DABB253-5A0C-42D3-B30D-41D8927D6CEF}.Ad-Hoc|x64.Build.0 = Release|x64
		{7DABB253-5A0C-42D3-B30D-41D8927D6CEF}.Ad-Hoc|x64.Deploy.0 = Release|x64
		{7DABB253-5A0C-42D3-B30D-41D8927D6CEF}.Ad-Hoc|x86.ActiveCfg = Release|x86
		{7DABB253-5A0C-42D3-B30D-41D8927D6CEF}.Ad-Hoc|x86.Build.0 = Release|x86
		{7DABB253-5A0C-42D3-B30D-41D8927D6CEF}.Ad-Hoc|x86.Deploy.0 = Release|x86
		{7DABB253-5A0C-42D3-B30D-41D8927D6CEF}.AppStore|Any CPU.ActiveCfg = Release|x64
		{7DABB253-5A0C-42D3-B30D-41D8927D6CEF}.AppStore|Any CPU.Build.0 = Release|x64
		{7DABB253-5A0C-42D3-B30D-41D8927D6CEF}.AppStore|Any CPU.Deploy.0 = Release|x64
		{7DABB253-5A0C-42D3-B30D-41D8927D6CEF}.AppStore|ARM.ActiveCfg = Release|ARM
		{7DABB253-5A0C-42D3-B30D-41D8927D6CEF}.AppStore|ARM.Build.0 = Release|ARM
		{7DABB253-5A0C-42D3-B30D-41D8927D6CEF}.AppStore|ARM.Deploy.0 = Release|ARM
		{7DABB253-5A0C-42D3-B30D-41D8927D6CEF}.AppStore|ARM64.ActiveCfg = Release|ARM64
		{7DABB253-5A0C-42D3-B30D-41D8927D6CEF}.AppStore|ARM64.Build.0 = Release|ARM64
		{7DABB253-5A0C-42D3-B30D-41D8927D6CEF}.AppStore|ARM64.Deploy.0 = Release|ARM64
		{7DABB253-5A0C-42D3-B30D-41D8927D6CEF}.AppStore|iPhone.ActiveCfg = Release|x64
		{7DABB253-5A0C-42D3-B30D-41D8927D6CEF}.AppStore|iPhone.Build.0 = Release|x64
		{7DABB253-5A0C-42D3-B30D-41D8927D6CEF}.AppStore|iPhone.Deploy.0 = Release|x64
		{7DABB253-5A0C-42D3-B30D-41D8927D6CEF}.AppStore|iPhoneSimulator.ActiveCfg = Release|x64
		{7DABB253-5A0C-42D3-B30D-41D8927D6CEF}.AppStore|iPhoneSimulator.Build.0 = Release|x64
		{7DABB253-5A0C-42D3-B30D-41D8927D6CEF}.AppStore|iPhoneSimulator.Deploy.0 = Release|x64
		{7DABB253-5A0C-42D3-B30D-41D8927D6CEF}.AppStore|x64.ActiveCfg = Release|x64
		{7DABB253-5A0C-42D3-B30D-41D8927D6CEF}.AppStore|x64.Build.0 = Release|x64
		{7DABB253-5A0C-42D3-B30D-41D8927D6CEF}.AppStore|x64.Deploy.0 = Release|x64
		{7DABB253-5A0C-42D3-B30D-41D8927D6CEF}.AppStore|x86.ActiveCfg = Release|x86
		{7DABB253-5A0C-42D3-B30D-41D8927D6CEF}.AppStore|x86.Build.0 = Release|x86
		{7DABB253-5A0C-42D3-B30D-41D8927D6CEF}.AppStore|x86.Deploy.0 = Release|x86
		{7DABB253-5A0C-42D3-B30D-41D8927D6CEF}.Debug|Any CPU.ActiveCfg = Debug|x86
		{7DABB253-5A0C-42D3-B30D-41D8927D6CEF}.Debug|Any CPU.Build.0 = Debug|x86
		{7DABB253-5A0C-42D3-B30D-41D8927D6CEF}.Debug|Any CPU.Deploy.0 = Debug|x86
		{7DABB253-5A0C-42D3-B30D-41D8927D6CEF}.Debug|ARM.ActiveCfg = Debug|ARM
		{7DABB253-5A0C-42D3-B30D-41D8927D6CEF}.Debug|ARM.Build.0 = Debug|ARM
		{7DABB253-5A0C-42D3-B30D-41D8927D6CEF}.Debug|ARM.Deploy.0 = Debug|ARM
		{7DABB253-5A0C-42D3-B30D-41D8927D6CEF}.Debug|ARM64.ActiveCfg = Debug|ARM64
		{7DABB253-5A0C-42D3-B30D-41D8927D6CEF}.Debug|ARM64.Build.0 = Debug|ARM64
		{7DABB253-5A0C-42D3-B30D-41D8927D6CEF}.Debug|ARM64.Deploy.0 = Debug|ARM64
		{7DABB253-5A0C-42D3-B30D-41D8927D6CEF}.Debug|iPhone.ActiveCfg = Debug|x86
		{7DABB253-5A0C-42D3-B30D-41D8927D6CEF}.Debug|iPhoneSimulator.ActiveCfg = Debug|x86
		{7DABB253-5A0C-42D3-B30D-41D8927D6CEF}.Debug|x64.ActiveCfg = Debug|x64
		{7DABB253-5A0C-42D3-B30D-41D8927D6CEF}.Debug|x64.Build.0 = Debug|x64
		{7DABB253-5A0C-42D3-B30D-41D8927D6CEF}.Debug|x64.Deploy.0 = Debug|x64
		{7DABB253-5A0C-42D3-B30D-41D8927D6CEF}.Debug|x86.ActiveCfg = Debug|x86
		{7DABB253-5A0C-42D3-B30D-41D8927D6CEF}.Debug|x86.Build.0 = Debug|x86
		{7DABB253-5A0C-42D3-B30D-41D8927D6CEF}.Debug|x86.Deploy.0 = Debug|x86
		{7DABB253-5A0C-42D3-B30D-41D8927D6CEF}.Release|Any CPU.ActiveCfg = Release|x86
		{7DABB253-5A0C-42D3-B30D-41D8927D6CEF}.Release|ARM.ActiveCfg = Release|ARM
		{7DABB253-5A0C-42D3-B30D-41D8927D6CEF}.Release|ARM.Build.0 = Release|ARM
		{7DABB253-5A0C-42D3-B30D-41D8927D6CEF}.Release|ARM.Deploy.0 = Release|ARM
		{7DABB253-5A0C-42D3-B30D-41D8927D6CEF}.Release|ARM64.ActiveCfg = Release|ARM64
		{7DABB253-5A0C-42D3-B30D-41D8927D6CEF}.Release|ARM64.Build.0 = Release|ARM64
		{7DABB253-5A0C-42D3-B30D-41D8927D6CEF}.Release|ARM64.Deploy.0 = Release|ARM64
		{7DABB253-5A0C-42D3-B30D-41D8927D6CEF}.Release|iPhone.ActiveCfg = Release|x86
		{7DABB253-5A0C-42D3-B30D-41D8927D6CEF}.Release|iPhoneSimulator.ActiveCfg = Release|x86
		{7DABB253-5A0C-42D3-B30D-41D8927D6CEF}.Release|x64.ActiveCfg = Release|x64
		{7DABB253-5A0C-42D3-B30D-41D8927D6CEF}.Release|x64.Build.0 = Release|x64
		{7DABB253-5A0C-42D3-B30D-41D8927D6CEF}.Release|x64.Deploy.0 = Release|x64
		{7DABB253-5A0C-42D3-B30D-41D8927D6CEF}.Release|x86.ActiveCfg = Release|x86
		{7DABB253-5A0C-42D3-B30D-41D8927D6CEF}.Release|x86.Build.0 = Release|x86
		{7DABB253-5A0C-42D3-B30D-41D8927D6CEF}.Release|x86.Deploy.0 = Release|x86
		{EE8EE4A6-A209-4632-9065-9DB626C8069D}.Ad-Hoc|Any CPU.ActiveCfg = Debug|Any CPU
		{EE8EE4A6-A209-4632-9065-9DB626C8069D}.Ad-Hoc|Any CPU.Build.0 = Debug|Any CPU
		{EE8EE4A6-A209-4632-9065-9DB626C8069D}.Ad-Hoc|ARM.ActiveCfg = Debug|Any CPU
		{EE8EE4A6-A209-4632-9065-9DB626C8069D}.Ad-Hoc|ARM.Build.0 = Debug|Any CPU
		{EE8EE4A6-A209-4632-9065-9DB626C8069D}.Ad-Hoc|ARM64.ActiveCfg = Debug|Any CPU
		{EE8EE4A6-A209-4632-9065-9DB626C8069D}.Ad-Hoc|ARM64.Build.0 = Debug|Any CPU
		{EE8EE4A6-A209-4632-9065-9DB626C8069D}.Ad-Hoc|iPhone.ActiveCfg = Debug|Any CPU
		{EE8EE4A6-A209-4632-9065-9DB626C8069D}.Ad-Hoc|iPhone.Build.0 = Debug|Any CPU
		{EE8EE4A6-A209-4632-9065-9DB626C8069D}.Ad-Hoc|iPhoneSimulator.ActiveCfg = Debug|Any CPU
		{EE8EE4A6-A209-4632-9065-9DB626C8069D}.Ad-Hoc|iPhoneSimulator.Build.0 = Debug|Any CPU
		{EE8EE4A6-A209-4632-9065-9DB626C8069D}.Ad-Hoc|x64.ActiveCfg = Debug|Any CPU
		{EE8EE4A6-A209-4632-9065-9DB626C8069D}.Ad-Hoc|x64.Build.0 = Debug|Any CPU
		{EE8EE4A6-A209-4632-9065-9DB626C8069D}.Ad-Hoc|x86.ActiveCfg = Debug|Any CPU
		{EE8EE4A6-A209-4632-9065-9DB626C8069D}.Ad-Hoc|x86.Build.0 = Debug|Any CPU
		{EE8EE4A6-A209-4632-9065-9DB626C8069D}.AppStore|Any CPU.ActiveCfg = Debug|Any CPU
		{EE8EE4A6-A209-4632-9065-9DB626C8069D}.AppStore|Any CPU.Build.0 = Debug|Any CPU
		{EE8EE4A6-A209-4632-9065-9DB626C8069D}.AppStore|ARM.ActiveCfg = Debug|Any CPU
		{EE8EE4A6-A209-4632-9065-9DB626C8069D}.AppStore|ARM.Build.0 = Debug|Any CPU
		{EE8EE4A6-A209-4632-9065-9DB626C8069D}.AppStore|ARM64.ActiveCfg = Debug|Any CPU
		{EE8EE4A6-A209-4632-9065-9DB626C8069D}.AppStore|ARM64.Build.0 = Debug|Any CPU
		{EE8EE4A6-A209-4632-9065-9DB626C8069D}.AppStore|iPhone.ActiveCfg = Debug|Any CPU
		{EE8EE4A6-A209-4632-9065-9DB626C8069D}.AppStore|iPhone.Build.0 = Debug|Any CPU
		{EE8EE4A6-A209-4632-9065-9DB626C8069D}.AppStore|iPhoneSimulator.ActiveCfg = Debug|Any CPU
		{EE8EE4A6-A209-4632-9065-9DB626C8069D}.AppStore|iPhoneSimulator.Build.0 = Debug|Any CPU
		{EE8EE4A6-A209-4632-9065-9DB626C8069D}.AppStore|x64.ActiveCfg = Debug|Any CPU
		{EE8EE4A6-A209-4632-9065-9DB626C8069D}.AppStore|x64.Build.0 = Debug|Any CPU
		{EE8EE4A6-A209-4632-9065-9DB626C8069D}.AppStore|x86.ActiveCfg = Debug|Any CPU
		{EE8EE4A6-A209-4632-9065-9DB626C8069D}.AppStore|x86.Build.0 = Debug|Any CPU
		{EE8EE4A6-A209-4632-9065-9DB626C8069D}.Debug|Any CPU.ActiveCfg = Debug|Any CPU
		{EE8EE4A6-A209-4632-9065-9DB626C8069D}.Debug|Any CPU.Build.0 = Debug|Any CPU
		{EE8EE4A6-A209-4632-9065-9DB626C8069D}.Debug|ARM.ActiveCfg = Debug|Any CPU
		{EE8EE4A6-A209-4632-9065-9DB626C8069D}.Debug|ARM.Build.0 = Debug|Any CPU
		{EE8EE4A6-A209-4632-9065-9DB626C8069D}.Debug|ARM64.ActiveCfg = Debug|Any CPU
		{EE8EE4A6-A209-4632-9065-9DB626C8069D}.Debug|ARM64.Build.0 = Debug|Any CPU
		{EE8EE4A6-A209-4632-9065-9DB626C8069D}.Debug|iPhone.ActiveCfg = Debug|Any CPU
		{EE8EE4A6-A209-4632-9065-9DB626C8069D}.Debug|iPhone.Build.0 = Debug|Any CPU
		{EE8EE4A6-A209-4632-9065-9DB626C8069D}.Debug|iPhoneSimulator.ActiveCfg = Debug|Any CPU
		{EE8EE4A6-A209-4632-9065-9DB626C8069D}.Debug|iPhoneSimulator.Build.0 = Debug|Any CPU
		{EE8EE4A6-A209-4632-9065-9DB626C8069D}.Debug|x64.ActiveCfg = Debug|Any CPU
		{EE8EE4A6-A209-4632-9065-9DB626C8069D}.Debug|x64.Build.0 = Debug|Any CPU
		{EE8EE4A6-A209-4632-9065-9DB626C8069D}.Debug|x86.ActiveCfg = Debug|Any CPU
		{EE8EE4A6-A209-4632-9065-9DB626C8069D}.Debug|x86.Build.0 = Debug|Any CPU
		{EE8EE4A6-A209-4632-9065-9DB626C8069D}.Release|Any CPU.ActiveCfg = Release|Any CPU
		{EE8EE4A6-A209-4632-9065-9DB626C8069D}.Release|Any CPU.Build.0 = Release|Any CPU
		{EE8EE4A6-A209-4632-9065-9DB626C8069D}.Release|ARM.ActiveCfg = Release|Any CPU
		{EE8EE4A6-A209-4632-9065-9DB626C8069D}.Release|ARM.Build.0 = Release|Any CPU
		{EE8EE4A6-A209-4632-9065-9DB626C8069D}.Release|ARM64.ActiveCfg = Release|Any CPU
		{EE8EE4A6-A209-4632-9065-9DB626C8069D}.Release|ARM64.Build.0 = Release|Any CPU
		{EE8EE4A6-A209-4632-9065-9DB626C8069D}.Release|iPhone.ActiveCfg = Release|Any CPU
		{EE8EE4A6-A209-4632-9065-9DB626C8069D}.Release|iPhone.Build.0 = Release|Any CPU
		{EE8EE4A6-A209-4632-9065-9DB626C8069D}.Release|iPhoneSimulator.ActiveCfg = Release|Any CPU
		{EE8EE4A6-A209-4632-9065-9DB626C8069D}.Release|iPhoneSimulator.Build.0 = Release|Any CPU
		{EE8EE4A6-A209-4632-9065-9DB626C8069D}.Release|x64.ActiveCfg = Release|Any CPU
		{EE8EE4A6-A209-4632-9065-9DB626C8069D}.Release|x64.Build.0 = Release|Any CPU
		{EE8EE4A6-A209-4632-9065-9DB626C8069D}.Release|x86.ActiveCfg = Release|Any CPU
		{EE8EE4A6-A209-4632-9065-9DB626C8069D}.Release|x86.Build.0 = Release|Any CPU
		{BFD0DB09-E7A3-455D-A501-AD16A8CDCC13}.Ad-Hoc|Any CPU.ActiveCfg = Release|iPhoneSimulator
		{BFD0DB09-E7A3-455D-A501-AD16A8CDCC13}.Ad-Hoc|Any CPU.Build.0 = Release|iPhoneSimulator
		{BFD0DB09-E7A3-455D-A501-AD16A8CDCC13}.Ad-Hoc|ARM.ActiveCfg = Release|iPhoneSimulator
		{BFD0DB09-E7A3-455D-A501-AD16A8CDCC13}.Ad-Hoc|ARM.Build.0 = Release|iPhoneSimulator
		{BFD0DB09-E7A3-455D-A501-AD16A8CDCC13}.Ad-Hoc|ARM64.ActiveCfg = Release|iPhoneSimulator
		{BFD0DB09-E7A3-455D-A501-AD16A8CDCC13}.Ad-Hoc|ARM64.Build.0 = Release|iPhoneSimulator
		{BFD0DB09-E7A3-455D-A501-AD16A8CDCC13}.Ad-Hoc|iPhone.ActiveCfg = Release|iPhoneSimulator
		{BFD0DB09-E7A3-455D-A501-AD16A8CDCC13}.Ad-Hoc|iPhone.Build.0 = Release|iPhoneSimulator
		{BFD0DB09-E7A3-455D-A501-AD16A8CDCC13}.Ad-Hoc|iPhoneSimulator.ActiveCfg = Release|iPhoneSimulator
		{BFD0DB09-E7A3-455D-A501-AD16A8CDCC13}.Ad-Hoc|iPhoneSimulator.Build.0 = Release|iPhoneSimulator
		{BFD0DB09-E7A3-455D-A501-AD16A8CDCC13}.Ad-Hoc|x64.ActiveCfg = Release|iPhoneSimulator
		{BFD0DB09-E7A3-455D-A501-AD16A8CDCC13}.Ad-Hoc|x64.Build.0 = Release|iPhoneSimulator
		{BFD0DB09-E7A3-455D-A501-AD16A8CDCC13}.Ad-Hoc|x86.ActiveCfg = Release|iPhoneSimulator
		{BFD0DB09-E7A3-455D-A501-AD16A8CDCC13}.Ad-Hoc|x86.Build.0 = Release|iPhoneSimulator
		{BFD0DB09-E7A3-455D-A501-AD16A8CDCC13}.AppStore|Any CPU.ActiveCfg = Release|iPhoneSimulator
		{BFD0DB09-E7A3-455D-A501-AD16A8CDCC13}.AppStore|Any CPU.Build.0 = Release|iPhoneSimulator
		{BFD0DB09-E7A3-455D-A501-AD16A8CDCC13}.AppStore|ARM.ActiveCfg = Release|iPhoneSimulator
		{BFD0DB09-E7A3-455D-A501-AD16A8CDCC13}.AppStore|ARM.Build.0 = Release|iPhoneSimulator
		{BFD0DB09-E7A3-455D-A501-AD16A8CDCC13}.AppStore|ARM64.ActiveCfg = Release|iPhoneSimulator
		{BFD0DB09-E7A3-455D-A501-AD16A8CDCC13}.AppStore|ARM64.Build.0 = Release|iPhoneSimulator
		{BFD0DB09-E7A3-455D-A501-AD16A8CDCC13}.AppStore|iPhone.ActiveCfg = Release|iPhoneSimulator
		{BFD0DB09-E7A3-455D-A501-AD16A8CDCC13}.AppStore|iPhone.Build.0 = Release|iPhoneSimulator
		{BFD0DB09-E7A3-455D-A501-AD16A8CDCC13}.AppStore|iPhoneSimulator.ActiveCfg = Release|iPhoneSimulator
		{BFD0DB09-E7A3-455D-A501-AD16A8CDCC13}.AppStore|iPhoneSimulator.Build.0 = Release|iPhoneSimulator
		{BFD0DB09-E7A3-455D-A501-AD16A8CDCC13}.AppStore|x64.ActiveCfg = Release|iPhoneSimulator
		{BFD0DB09-E7A3-455D-A501-AD16A8CDCC13}.AppStore|x64.Build.0 = Release|iPhoneSimulator
		{BFD0DB09-E7A3-455D-A501-AD16A8CDCC13}.AppStore|x86.ActiveCfg = Release|iPhoneSimulator
		{BFD0DB09-E7A3-455D-A501-AD16A8CDCC13}.AppStore|x86.Build.0 = Release|iPhoneSimulator
		{BFD0DB09-E7A3-455D-A501-AD16A8CDCC13}.Debug|Any CPU.ActiveCfg = Debug|iPhoneSimulator
		{BFD0DB09-E7A3-455D-A501-AD16A8CDCC13}.Debug|ARM.ActiveCfg = Debug|iPhoneSimulator
		{BFD0DB09-E7A3-455D-A501-AD16A8CDCC13}.Debug|ARM64.ActiveCfg = Debug|iPhoneSimulator
		{BFD0DB09-E7A3-455D-A501-AD16A8CDCC13}.Debug|iPhone.ActiveCfg = Debug|iPhoneSimulator
		{BFD0DB09-E7A3-455D-A501-AD16A8CDCC13}.Debug|iPhoneSimulator.ActiveCfg = Debug|iPhoneSimulator
		{BFD0DB09-E7A3-455D-A501-AD16A8CDCC13}.Debug|iPhoneSimulator.Build.0 = Debug|iPhoneSimulator
		{BFD0DB09-E7A3-455D-A501-AD16A8CDCC13}.Debug|x64.ActiveCfg = Debug|iPhoneSimulator
		{BFD0DB09-E7A3-455D-A501-AD16A8CDCC13}.Debug|x86.ActiveCfg = Debug|iPhoneSimulator
		{BFD0DB09-E7A3-455D-A501-AD16A8CDCC13}.Release|Any CPU.ActiveCfg = Release|iPhoneSimulator
		{BFD0DB09-E7A3-455D-A501-AD16A8CDCC13}.Release|ARM.ActiveCfg = Release|iPhoneSimulator
		{BFD0DB09-E7A3-455D-A501-AD16A8CDCC13}.Release|ARM64.ActiveCfg = Release|iPhoneSimulator
		{BFD0DB09-E7A3-455D-A501-AD16A8CDCC13}.Release|iPhone.ActiveCfg = Release|iPhoneSimulator
		{BFD0DB09-E7A3-455D-A501-AD16A8CDCC13}.Release|iPhoneSimulator.ActiveCfg = Release|iPhoneSimulator
		{BFD0DB09-E7A3-455D-A501-AD16A8CDCC13}.Release|iPhoneSimulator.Build.0 = Release|iPhoneSimulator
		{BFD0DB09-E7A3-455D-A501-AD16A8CDCC13}.Release|x64.ActiveCfg = Release|iPhoneSimulator
		{BFD0DB09-E7A3-455D-A501-AD16A8CDCC13}.Release|x86.ActiveCfg = Release|iPhoneSimulator
		{42211DBC-427B-459C-9C79-6680CD96DB1E}.Ad-Hoc|Any CPU.ActiveCfg = Debug|Any CPU
		{42211DBC-427B-459C-9C79-6680CD96DB1E}.Ad-Hoc|Any CPU.Build.0 = Debug|Any CPU
		{42211DBC-427B-459C-9C79-6680CD96DB1E}.Ad-Hoc|ARM.ActiveCfg = Debug|Any CPU
		{42211DBC-427B-459C-9C79-6680CD96DB1E}.Ad-Hoc|ARM.Build.0 = Debug|Any CPU
		{42211DBC-427B-459C-9C79-6680CD96DB1E}.Ad-Hoc|ARM64.ActiveCfg = Debug|Any CPU
		{42211DBC-427B-459C-9C79-6680CD96DB1E}.Ad-Hoc|ARM64.Build.0 = Debug|Any CPU
		{42211DBC-427B-459C-9C79-6680CD96DB1E}.Ad-Hoc|iPhone.ActiveCfg = Debug|Any CPU
		{42211DBC-427B-459C-9C79-6680CD96DB1E}.Ad-Hoc|iPhone.Build.0 = Debug|Any CPU
		{42211DBC-427B-459C-9C79-6680CD96DB1E}.Ad-Hoc|iPhoneSimulator.ActiveCfg = Debug|Any CPU
		{42211DBC-427B-459C-9C79-6680CD96DB1E}.Ad-Hoc|iPhoneSimulator.Build.0 = Debug|Any CPU
		{42211DBC-427B-459C-9C79-6680CD96DB1E}.Ad-Hoc|x64.ActiveCfg = Debug|Any CPU
		{42211DBC-427B-459C-9C79-6680CD96DB1E}.Ad-Hoc|x64.Build.0 = Debug|Any CPU
		{42211DBC-427B-459C-9C79-6680CD96DB1E}.Ad-Hoc|x86.ActiveCfg = Debug|Any CPU
		{42211DBC-427B-459C-9C79-6680CD96DB1E}.Ad-Hoc|x86.Build.0 = Debug|Any CPU
		{42211DBC-427B-459C-9C79-6680CD96DB1E}.AppStore|Any CPU.ActiveCfg = Debug|Any CPU
		{42211DBC-427B-459C-9C79-6680CD96DB1E}.AppStore|Any CPU.Build.0 = Debug|Any CPU
		{42211DBC-427B-459C-9C79-6680CD96DB1E}.AppStore|ARM.ActiveCfg = Debug|Any CPU
		{42211DBC-427B-459C-9C79-6680CD96DB1E}.AppStore|ARM.Build.0 = Debug|Any CPU
		{42211DBC-427B-459C-9C79-6680CD96DB1E}.AppStore|ARM64.ActiveCfg = Debug|Any CPU
		{42211DBC-427B-459C-9C79-6680CD96DB1E}.AppStore|ARM64.Build.0 = Debug|Any CPU
		{42211DBC-427B-459C-9C79-6680CD96DB1E}.AppStore|iPhone.ActiveCfg = Debug|Any CPU
		{42211DBC-427B-459C-9C79-6680CD96DB1E}.AppStore|iPhone.Build.0 = Debug|Any CPU
		{42211DBC-427B-459C-9C79-6680CD96DB1E}.AppStore|iPhoneSimulator.ActiveCfg = Debug|Any CPU
		{42211DBC-427B-459C-9C79-6680CD96DB1E}.AppStore|iPhoneSimulator.Build.0 = Debug|Any CPU
		{42211DBC-427B-459C-9C79-6680CD96DB1E}.AppStore|x64.ActiveCfg = Debug|Any CPU
		{42211DBC-427B-459C-9C79-6680CD96DB1E}.AppStore|x64.Build.0 = Debug|Any CPU
		{42211DBC-427B-459C-9C79-6680CD96DB1E}.AppStore|x86.ActiveCfg = Debug|Any CPU
		{42211DBC-427B-459C-9C79-6680CD96DB1E}.AppStore|x86.Build.0 = Debug|Any CPU
		{42211DBC-427B-459C-9C79-6680CD96DB1E}.Debug|Any CPU.ActiveCfg = Debug|Any CPU
		{42211DBC-427B-459C-9C79-6680CD96DB1E}.Debug|Any CPU.Build.0 = Debug|Any CPU
		{42211DBC-427B-459C-9C79-6680CD96DB1E}.Debug|ARM.ActiveCfg = Debug|Any CPU
		{42211DBC-427B-459C-9C79-6680CD96DB1E}.Debug|ARM.Build.0 = Debug|Any CPU
		{42211DBC-427B-459C-9C79-6680CD96DB1E}.Debug|ARM64.ActiveCfg = Debug|Any CPU
		{42211DBC-427B-459C-9C79-6680CD96DB1E}.Debug|ARM64.Build.0 = Debug|Any CPU
		{42211DBC-427B-459C-9C79-6680CD96DB1E}.Debug|iPhone.ActiveCfg = Debug|Any CPU
		{42211DBC-427B-459C-9C79-6680CD96DB1E}.Debug|iPhone.Build.0 = Debug|Any CPU
		{42211DBC-427B-459C-9C79-6680CD96DB1E}.Debug|iPhoneSimulator.ActiveCfg = Debug|Any CPU
		{42211DBC-427B-459C-9C79-6680CD96DB1E}.Debug|iPhoneSimulator.Build.0 = Debug|Any CPU
		{42211DBC-427B-459C-9C79-6680CD96DB1E}.Debug|x64.ActiveCfg = Debug|Any CPU
		{42211DBC-427B-459C-9C79-6680CD96DB1E}.Debug|x64.Build.0 = Debug|Any CPU
		{42211DBC-427B-459C-9C79-6680CD96DB1E}.Debug|x86.ActiveCfg = Debug|Any CPU
		{42211DBC-427B-459C-9C79-6680CD96DB1E}.Debug|x86.Build.0 = Debug|Any CPU
		{42211DBC-427B-459C-9C79-6680CD96DB1E}.Release|Any CPU.ActiveCfg = Release|Any CPU
		{42211DBC-427B-459C-9C79-6680CD96DB1E}.Release|Any CPU.Build.0 = Release|Any CPU
		{42211DBC-427B-459C-9C79-6680CD96DB1E}.Release|ARM.ActiveCfg = Release|Any CPU
		{42211DBC-427B-459C-9C79-6680CD96DB1E}.Release|ARM.Build.0 = Release|Any CPU
		{42211DBC-427B-459C-9C79-6680CD96DB1E}.Release|ARM64.ActiveCfg = Release|Any CPU
		{42211DBC-427B-459C-9C79-6680CD96DB1E}.Release|ARM64.Build.0 = Release|Any CPU
		{42211DBC-427B-459C-9C79-6680CD96DB1E}.Release|iPhone.ActiveCfg = Release|Any CPU
		{42211DBC-427B-459C-9C79-6680CD96DB1E}.Release|iPhone.Build.0 = Release|Any CPU
		{42211DBC-427B-459C-9C79-6680CD96DB1E}.Release|iPhoneSimulator.ActiveCfg = Release|Any CPU
		{42211DBC-427B-459C-9C79-6680CD96DB1E}.Release|iPhoneSimulator.Build.0 = Release|Any CPU
		{42211DBC-427B-459C-9C79-6680CD96DB1E}.Release|x64.ActiveCfg = Release|Any CPU
		{42211DBC-427B-459C-9C79-6680CD96DB1E}.Release|x64.Build.0 = Release|Any CPU
		{42211DBC-427B-459C-9C79-6680CD96DB1E}.Release|x86.ActiveCfg = Release|Any CPU
		{42211DBC-427B-459C-9C79-6680CD96DB1E}.Release|x86.Build.0 = Release|Any CPU
		{BC470167-1161-47D1-9B49-2BE05D49A3A3}.Ad-Hoc|Any CPU.ActiveCfg = Release|Any CPU
		{BC470167-1161-47D1-9B49-2BE05D49A3A3}.Ad-Hoc|Any CPU.Build.0 = Release|Any CPU
		{BC470167-1161-47D1-9B49-2BE05D49A3A3}.Ad-Hoc|ARM.ActiveCfg = Release|Any CPU
		{BC470167-1161-47D1-9B49-2BE05D49A3A3}.Ad-Hoc|ARM.Build.0 = Release|Any CPU
		{BC470167-1161-47D1-9B49-2BE05D49A3A3}.Ad-Hoc|ARM64.ActiveCfg = Release|Any CPU
		{BC470167-1161-47D1-9B49-2BE05D49A3A3}.Ad-Hoc|ARM64.Build.0 = Release|Any CPU
		{BC470167-1161-47D1-9B49-2BE05D49A3A3}.Ad-Hoc|iPhone.ActiveCfg = Release|Any CPU
		{BC470167-1161-47D1-9B49-2BE05D49A3A3}.Ad-Hoc|iPhone.Build.0 = Release|Any CPU
		{BC470167-1161-47D1-9B49-2BE05D49A3A3}.Ad-Hoc|iPhoneSimulator.ActiveCfg = Release|Any CPU
		{BC470167-1161-47D1-9B49-2BE05D49A3A3}.Ad-Hoc|iPhoneSimulator.Build.0 = Release|Any CPU
		{BC470167-1161-47D1-9B49-2BE05D49A3A3}.Ad-Hoc|x64.ActiveCfg = Release|Any CPU
		{BC470167-1161-47D1-9B49-2BE05D49A3A3}.Ad-Hoc|x64.Build.0 = Release|Any CPU
		{BC470167-1161-47D1-9B49-2BE05D49A3A3}.Ad-Hoc|x86.ActiveCfg = Release|Any CPU
		{BC470167-1161-47D1-9B49-2BE05D49A3A3}.Ad-Hoc|x86.Build.0 = Release|Any CPU
		{BC470167-1161-47D1-9B49-2BE05D49A3A3}.AppStore|Any CPU.ActiveCfg = Release|Any CPU
		{BC470167-1161-47D1-9B49-2BE05D49A3A3}.AppStore|Any CPU.Build.0 = Release|Any CPU
		{BC470167-1161-47D1-9B49-2BE05D49A3A3}.AppStore|ARM.ActiveCfg = Release|Any CPU
		{BC470167-1161-47D1-9B49-2BE05D49A3A3}.AppStore|ARM.Build.0 = Release|Any CPU
		{BC470167-1161-47D1-9B49-2BE05D49A3A3}.AppStore|ARM64.ActiveCfg = Release|Any CPU
		{BC470167-1161-47D1-9B49-2BE05D49A3A3}.AppStore|ARM64.Build.0 = Release|Any CPU
		{BC470167-1161-47D1-9B49-2BE05D49A3A3}.AppStore|iPhone.ActiveCfg = Release|Any CPU
		{BC470167-1161-47D1-9B49-2BE05D49A3A3}.AppStore|iPhone.Build.0 = Release|Any CPU
		{BC470167-1161-47D1-9B49-2BE05D49A3A3}.AppStore|iPhoneSimulator.ActiveCfg = Release|Any CPU
		{BC470167-1161-47D1-9B49-2BE05D49A3A3}.AppStore|iPhoneSimulator.Build.0 = Release|Any CPU
		{BC470167-1161-47D1-9B49-2BE05D49A3A3}.AppStore|x64.ActiveCfg = Release|Any CPU
		{BC470167-1161-47D1-9B49-2BE05D49A3A3}.AppStore|x64.Build.0 = Release|Any CPU
		{BC470167-1161-47D1-9B49-2BE05D49A3A3}.AppStore|x86.ActiveCfg = Release|Any CPU
		{BC470167-1161-47D1-9B49-2BE05D49A3A3}.AppStore|x86.Build.0 = Release|Any CPU
		{BC470167-1161-47D1-9B49-2BE05D49A3A3}.Debug|Any CPU.ActiveCfg = Debug|Any CPU
		{BC470167-1161-47D1-9B49-2BE05D49A3A3}.Debug|Any CPU.Build.0 = Debug|Any CPU
		{BC470167-1161-47D1-9B49-2BE05D49A3A3}.Debug|ARM.ActiveCfg = Debug|Any CPU
		{BC470167-1161-47D1-9B49-2BE05D49A3A3}.Debug|ARM.Build.0 = Debug|Any CPU
		{BC470167-1161-47D1-9B49-2BE05D49A3A3}.Debug|ARM64.ActiveCfg = Debug|Any CPU
		{BC470167-1161-47D1-9B49-2BE05D49A3A3}.Debug|ARM64.Build.0 = Debug|Any CPU
		{BC470167-1161-47D1-9B49-2BE05D49A3A3}.Debug|iPhone.ActiveCfg = Debug|Any CPU
		{BC470167-1161-47D1-9B49-2BE05D49A3A3}.Debug|iPhone.Build.0 = Debug|Any CPU
		{BC470167-1161-47D1-9B49-2BE05D49A3A3}.Debug|iPhoneSimulator.ActiveCfg = Debug|Any CPU
		{BC470167-1161-47D1-9B49-2BE05D49A3A3}.Debug|iPhoneSimulator.Build.0 = Debug|Any CPU
		{BC470167-1161-47D1-9B49-2BE05D49A3A3}.Debug|x64.ActiveCfg = Debug|Any CPU
		{BC470167-1161-47D1-9B49-2BE05D49A3A3}.Debug|x64.Build.0 = Debug|Any CPU
		{BC470167-1161-47D1-9B49-2BE05D49A3A3}.Debug|x86.ActiveCfg = Debug|Any CPU
		{BC470167-1161-47D1-9B49-2BE05D49A3A3}.Debug|x86.Build.0 = Debug|Any CPU
		{BC470167-1161-47D1-9B49-2BE05D49A3A3}.Release|Any CPU.ActiveCfg = Release|Any CPU
		{BC470167-1161-47D1-9B49-2BE05D49A3A3}.Release|Any CPU.Build.0 = Release|Any CPU
		{BC470167-1161-47D1-9B49-2BE05D49A3A3}.Release|ARM.ActiveCfg = Release|Any CPU
		{BC470167-1161-47D1-9B49-2BE05D49A3A3}.Release|ARM.Build.0 = Release|Any CPU
		{BC470167-1161-47D1-9B49-2BE05D49A3A3}.Release|ARM64.ActiveCfg = Release|Any CPU
		{BC470167-1161-47D1-9B49-2BE05D49A3A3}.Release|ARM64.Build.0 = Release|Any CPU
		{BC470167-1161-47D1-9B49-2BE05D49A3A3}.Release|iPhone.ActiveCfg = Release|Any CPU
		{BC470167-1161-47D1-9B49-2BE05D49A3A3}.Release|iPhone.Build.0 = Release|Any CPU
		{BC470167-1161-47D1-9B49-2BE05D49A3A3}.Release|iPhoneSimulator.ActiveCfg = Release|Any CPU
		{BC470167-1161-47D1-9B49-2BE05D49A3A3}.Release|iPhoneSimulator.Build.0 = Release|Any CPU
		{BC470167-1161-47D1-9B49-2BE05D49A3A3}.Release|x64.ActiveCfg = Release|Any CPU
		{BC470167-1161-47D1-9B49-2BE05D49A3A3}.Release|x64.Build.0 = Release|Any CPU
		{BC470167-1161-47D1-9B49-2BE05D49A3A3}.Release|x86.ActiveCfg = Release|Any CPU
		{BC470167-1161-47D1-9B49-2BE05D49A3A3}.Release|x86.Build.0 = Release|Any CPU
		{6085FBD0-2475-4B14-B7D3-4B348F9491BB}.Ad-Hoc|Any CPU.ActiveCfg = Release|Any CPU
		{6085FBD0-2475-4B14-B7D3-4B348F9491BB}.Ad-Hoc|Any CPU.Build.0 = Release|Any CPU
		{6085FBD0-2475-4B14-B7D3-4B348F9491BB}.Ad-Hoc|ARM.ActiveCfg = Release|Any CPU
		{6085FBD0-2475-4B14-B7D3-4B348F9491BB}.Ad-Hoc|ARM.Build.0 = Release|Any CPU
		{6085FBD0-2475-4B14-B7D3-4B348F9491BB}.Ad-Hoc|ARM64.ActiveCfg = Release|Any CPU
		{6085FBD0-2475-4B14-B7D3-4B348F9491BB}.Ad-Hoc|ARM64.Build.0 = Release|Any CPU
		{6085FBD0-2475-4B14-B7D3-4B348F9491BB}.Ad-Hoc|iPhone.ActiveCfg = Release|Any CPU
		{6085FBD0-2475-4B14-B7D3-4B348F9491BB}.Ad-Hoc|iPhone.Build.0 = Release|Any CPU
		{6085FBD0-2475-4B14-B7D3-4B348F9491BB}.Ad-Hoc|iPhoneSimulator.ActiveCfg = Release|Any CPU
		{6085FBD0-2475-4B14-B7D3-4B348F9491BB}.Ad-Hoc|iPhoneSimulator.Build.0 = Release|Any CPU
		{6085FBD0-2475-4B14-B7D3-4B348F9491BB}.Ad-Hoc|x64.ActiveCfg = Release|Any CPU
		{6085FBD0-2475-4B14-B7D3-4B348F9491BB}.Ad-Hoc|x64.Build.0 = Release|Any CPU
		{6085FBD0-2475-4B14-B7D3-4B348F9491BB}.Ad-Hoc|x86.ActiveCfg = Release|Any CPU
		{6085FBD0-2475-4B14-B7D3-4B348F9491BB}.Ad-Hoc|x86.Build.0 = Release|Any CPU
		{6085FBD0-2475-4B14-B7D3-4B348F9491BB}.AppStore|Any CPU.ActiveCfg = Release|Any CPU
		{6085FBD0-2475-4B14-B7D3-4B348F9491BB}.AppStore|Any CPU.Build.0 = Release|Any CPU
		{6085FBD0-2475-4B14-B7D3-4B348F9491BB}.AppStore|ARM.ActiveCfg = Release|Any CPU
		{6085FBD0-2475-4B14-B7D3-4B348F9491BB}.AppStore|ARM.Build.0 = Release|Any CPU
		{6085FBD0-2475-4B14-B7D3-4B348F9491BB}.AppStore|ARM64.ActiveCfg = Release|Any CPU
		{6085FBD0-2475-4B14-B7D3-4B348F9491BB}.AppStore|ARM64.Build.0 = Release|Any CPU
		{6085FBD0-2475-4B14-B7D3-4B348F9491BB}.AppStore|iPhone.ActiveCfg = Release|Any CPU
		{6085FBD0-2475-4B14-B7D3-4B348F9491BB}.AppStore|iPhone.Build.0 = Release|Any CPU
		{6085FBD0-2475-4B14-B7D3-4B348F9491BB}.AppStore|iPhoneSimulator.ActiveCfg = Release|Any CPU
		{6085FBD0-2475-4B14-B7D3-4B348F9491BB}.AppStore|iPhoneSimulator.Build.0 = Release|Any CPU
		{6085FBD0-2475-4B14-B7D3-4B348F9491BB}.AppStore|x64.ActiveCfg = Release|Any CPU
		{6085FBD0-2475-4B14-B7D3-4B348F9491BB}.AppStore|x64.Build.0 = Release|Any CPU
		{6085FBD0-2475-4B14-B7D3-4B348F9491BB}.AppStore|x86.ActiveCfg = Release|Any CPU
		{6085FBD0-2475-4B14-B7D3-4B348F9491BB}.AppStore|x86.Build.0 = Release|Any CPU
		{6085FBD0-2475-4B14-B7D3-4B348F9491BB}.Debug|Any CPU.ActiveCfg = Debug|Any CPU
		{6085FBD0-2475-4B14-B7D3-4B348F9491BB}.Debug|Any CPU.Build.0 = Debug|Any CPU
		{6085FBD0-2475-4B14-B7D3-4B348F9491BB}.Debug|ARM.ActiveCfg = Debug|Any CPU
		{6085FBD0-2475-4B14-B7D3-4B348F9491BB}.Debug|ARM.Build.0 = Debug|Any CPU
		{6085FBD0-2475-4B14-B7D3-4B348F9491BB}.Debug|ARM64.ActiveCfg = Debug|Any CPU
		{6085FBD0-2475-4B14-B7D3-4B348F9491BB}.Debug|ARM64.Build.0 = Debug|Any CPU
		{6085FBD0-2475-4B14-B7D3-4B348F9491BB}.Debug|iPhone.ActiveCfg = Debug|Any CPU
		{6085FBD0-2475-4B14-B7D3-4B348F9491BB}.Debug|iPhone.Build.0 = Debug|Any CPU
		{6085FBD0-2475-4B14-B7D3-4B348F9491BB}.Debug|iPhoneSimulator.ActiveCfg = Debug|Any CPU
		{6085FBD0-2475-4B14-B7D3-4B348F9491BB}.Debug|iPhoneSimulator.Build.0 = Debug|Any CPU
		{6085FBD0-2475-4B14-B7D3-4B348F9491BB}.Debug|x64.ActiveCfg = Debug|Any CPU
		{6085FBD0-2475-4B14-B7D3-4B348F9491BB}.Debug|x64.Build.0 = Debug|Any CPU
		{6085FBD0-2475-4B14-B7D3-4B348F9491BB}.Debug|x86.ActiveCfg = Debug|Any CPU
		{6085FBD0-2475-4B14-B7D3-4B348F9491BB}.Debug|x86.Build.0 = Debug|Any CPU
		{6085FBD0-2475-4B14-B7D3-4B348F9491BB}.Release|Any CPU.ActiveCfg = Release|Any CPU
		{6085FBD0-2475-4B14-B7D3-4B348F9491BB}.Release|Any CPU.Build.0 = Release|Any CPU
		{6085FBD0-2475-4B14-B7D3-4B348F9491BB}.Release|ARM.ActiveCfg = Release|Any CPU
		{6085FBD0-2475-4B14-B7D3-4B348F9491BB}.Release|ARM.Build.0 = Release|Any CPU
		{6085FBD0-2475-4B14-B7D3-4B348F9491BB}.Release|ARM64.ActiveCfg = Release|Any CPU
		{6085FBD0-2475-4B14-B7D3-4B348F9491BB}.Release|ARM64.Build.0 = Release|Any CPU
		{6085FBD0-2475-4B14-B7D3-4B348F9491BB}.Release|iPhone.ActiveCfg = Release|Any CPU
		{6085FBD0-2475-4B14-B7D3-4B348F9491BB}.Release|iPhone.Build.0 = Release|Any CPU
		{6085FBD0-2475-4B14-B7D3-4B348F9491BB}.Release|iPhoneSimulator.ActiveCfg = Release|Any CPU
		{6085FBD0-2475-4B14-B7D3-4B348F9491BB}.Release|iPhoneSimulator.Build.0 = Release|Any CPU
		{6085FBD0-2475-4B14-B7D3-4B348F9491BB}.Release|x64.ActiveCfg = Release|Any CPU
		{6085FBD0-2475-4B14-B7D3-4B348F9491BB}.Release|x64.Build.0 = Release|Any CPU
		{6085FBD0-2475-4B14-B7D3-4B348F9491BB}.Release|x86.ActiveCfg = Release|Any CPU
		{6085FBD0-2475-4B14-B7D3-4B348F9491BB}.Release|x86.Build.0 = Release|Any CPU
	EndGlobalSection
	GlobalSection(SolutionProperties) = preSolution
		HideSolutionNode = FALSE
	EndGlobalSection
	GlobalSection(ExtensibilityGlobals) = postSolution
		SolutionGuid = {786D9887-6336-4499-89E2-297B6C82A5AF}
	EndGlobalSection
EndGlobal
